
Microsoft Visual Studio Solution File, Format Version 12.00
Project("{FAE04EC0-301F-11D3-BF4B-00C04F79EFBC}") = "ChatRoom.Common", "ChatRoom.Common\ChatRoom.Common.csproj", "{1C6B1903-28C1-4978-8266-0F50330C73CD}"
EndProject
Project("{FAE04EC0-301F-11D3-BF4B-00C04F79EFBC}") = "ChatRoom.Client", "ChatRoom.Client\ChatRoom.Client.csproj", "{7F7B22FE-18E6-4A78-8D13-5940C1086510}"
EndProject
Project("{FAE04EC0-301F-11D3-BF4B-00C04F79EFBC}") = "ChatRoom.Service", "ChatRoom.Service\ChatRoom.Service.csproj", "{C518A8E3-85DE-44A3-B3F4-EA779ABCB0DF}"
EndProject
Global
	GlobalSection(SolutionConfigurationPlatforms) = preSolution
		Debug|Any CPU = Debug|Any CPU
		Release|Any CPU = Release|Any CPU
	EndGlobalSection
	GlobalSection(ProjectConfigurationPlatforms) = postSolution
		{1C6B1903-28C1-4978-8266-0F50330C73CD}.Debug|Any CPU.ActiveCfg = Debug|Any CPU
		{1C6B1903-28C1-4978-8266-0F50330C73CD}.Debug|Any CPU.Build.0 = Debug|Any CPU
		{1C6B1903-28C1-4978-8266-0F50330C73CD}.Release|Any CPU.ActiveCfg = Release|Any CPU
		{1C6B1903-28C1-4978-8266-0F50330C73CD}.Release|Any CPU.Build.0 = Release|Any CPU
		{7F7B22FE-18E6-4A78-8D13-5940C1086510}.Debug|Any CPU.ActiveCfg = Debug|Any CPU
		{7F7B22FE-18E6-4A78-8D13-5940C1086510}.Debug|Any CPU.Build.0 = Debug|Any CPU
		{7F7B22FE-18E6-4A78-8D13-5940C1086510}.Release|Any CPU.ActiveCfg = Release|Any CPU
		{7F7B22FE-18E6-4A78-8D13-5940C1086510}.Release|Any CPU.Build.0 = Release|Any CPU
		{C518A8E3-85DE-44A3-B3F4-EA779ABCB0DF}.Debug|Any CPU.ActiveCfg = Debug|Any CPU
		{C518A8E3-85DE-44A3-B3F4-EA779ABCB0DF}.Debug|Any CPU.Build.0 = Debug|Any CPU
		{C518A8E3-85DE-44A3-B3F4-EA779ABCB0DF}.Release|Any CPU.ActiveCfg = Release|Any CPU
		{C518A8E3-85DE-44A3-B3F4-EA779ABCB0DF}.Release|Any CPU.Build.0 = Release|Any CPU
	EndGlobalSection
EndGlobal
